
Microsoft Visual Studio Solution File, Format Version 12.00
# Visual Studio Version 17
VisualStudioVersion = 17.4.33213.308
MinimumVisualStudioVersion = 10.0.40219.1
Project("{FAE04EC0-301F-11D3-BF4B-00C04F79EFBC}") = "Week6", "Week6\Week6.csproj", "{5D13F9BE-BBE8-4796-A8CE-D9207E11D43C}"
EndProject
Global
	GlobalSection(SolutionConfigurationPlatforms) = preSolution
		Debug|Any CPU = Debug|Any CPU
		Release|Any CPU = Release|Any CPU
	EndGlobalSection
	GlobalSection(ProjectConfigurationPlatforms) = postSolution
		{5D13F9BE-BBE8-4796-A8CE-D9207E11D43C}.Debug|Any CPU.ActiveCfg = Debug|Any CPU
		{5D13F9BE-BBE8-4796-A8CE-D9207E11D43C}.Debug|Any CPU.Build.0 = Debug|Any CPU
		{5D13F9BE-BBE8-4796-A8CE-D9207E11D43C}.Release|Any CPU.ActiveCfg = Release|Any CPU
		{5D13F9BE-BBE8-4796-A8CE-D9207E11D43C}.Release|Any CPU.Build.0 = Release|Any CPU
	EndGlobalSection
	GlobalSection(SolutionProperties) = preSolution
		HideSolutionNode = FALSE
	EndGlobalSection
	GlobalSection(ExtensibilityGlobals) = postSolution
		SolutionGuid = {DF7395F1-A454-4702-AF02-A8BF0A3A3AA7}
	EndGlobalSection
EndGlobal
